// !$*UTF8*$!
{
	archiveVersion = 1;
	classes = {
	};
	objectVersion = 46;
	objects = {

/* Begin PBXBuildFile section */
		6F10810F1A2CDB6C00D9A781 /* MapKit.framework in Frameworks */ = {isa = PBXBuildFile; fileRef = 6F10810E1A2CDB6C00D9A781 /* MapKit.framework */; };
		6F1081121A2CE74000D9A781 /* Bookmarks.xcdatamodeld in Sources */ = {isa = PBXBuildFile; fileRef = 6F1081101A2CE74000D9A781 /* Bookmarks.xcdatamodeld */; };
		6F1081141A2CE96D00D9A781 /* CoreData.framework in Frameworks */ = {isa = PBXBuildFile; fileRef = 6F1081131A2CE96D00D9A781 /* CoreData.framework */; };
		6F1081181A2CED0E00D9A781 /* FUZBookmark.m in Sources */ = {isa = PBXBuildFile; fileRef = 6F1081171A2CED0E00D9A781 /* FUZBookmark.m */; };
		6F10811E1A2CF11300D9A781 /* CoreLocation.framework in Frameworks */ = {isa = PBXBuildFile; fileRef = 6F10811D1A2CF11300D9A781 /* CoreLocation.framework */; };
		6F4DBD831A2F822100D729D7 /* FUZBookmarksListViewController.m in Sources */ = {isa = PBXBuildFile; fileRef = 6F4DBD821A2F822100D729D7 /* FUZBookmarksListViewController.m */; };
		6F4DBD861A2F9F6000D729D7 /* FUZBookmarkDetailViewController.m in Sources */ = {isa = PBXBuildFile; fileRef = 6F4DBD851A2F9F6000D729D7 /* FUZBookmarkDetailViewController.m */; };
		6F5BD4D11A2E3D79002B44E6 /* FUZBookmarksPopoverViewController.m in Sources */ = {isa = PBXBuildFile; fileRef = 6F5BD4D01A2E3D79002B44E6 /* FUZBookmarksPopoverViewController.m */; };
		6F5BD4D41A2E4864002B44E6 /* FUZTableViewDataSource.m in Sources */ = {isa = PBXBuildFile; fileRef = 6F5BD4D31A2E4864002B44E6 /* FUZTableViewDataSource.m */; };
		6F9903491A2E1DE000CB7F98 /* FUZCoreDataStack.m in Sources */ = {isa = PBXBuildFile; fileRef = 6F9903481A2E1DE000CB7F98 /* FUZCoreDataStack.m */; };
		6F9903541A2E2E8400CB7F98 /* FUZMapDataSource.m in Sources */ = {isa = PBXBuildFile; fileRef = 6F9903531A2E2E8400CB7F98 /* FUZMapDataSource.m */; };
		6F9903591A2E308900CB7F98 /* FUZFRCDataSource.m in Sources */ = {isa = PBXBuildFile; fileRef = 6F9903581A2E308900CB7F98 /* FUZFRCDataSource.m */; };
		6FA2DDDF1A2CD4E200A1FFCF /* main.m in Sources */ = {isa = PBXBuildFile; fileRef = 6FA2DDDE1A2CD4E200A1FFCF /* main.m */; };
		6FA2DDE81A2CD4E200A1FFCF /* Main.storyboard in Resources */ = {isa = PBXBuildFile; fileRef = 6FA2DDE61A2CD4E200A1FFCF /* Main.storyboard */; };
		6FA2DDEA1A2CD4E200A1FFCF /* Images.xcassets in Resources */ = {isa = PBXBuildFile; fileRef = 6FA2DDE91A2CD4E200A1FFCF /* Images.xcassets */; };
		6FA2DDED1A2CD4E200A1FFCF /* LaunchScreen.xib in Resources */ = {isa = PBXBuildFile; fileRef = 6FA2DDEB1A2CD4E200A1FFCF /* LaunchScreen.xib */; };
		6FA2DDF91A2CD4E200A1FFCF /* BookmarksTests.m in Sources */ = {isa = PBXBuildFile; fileRef = 6FA2DDF81A2CD4E200A1FFCF /* BookmarksTests.m */; };
		6FA2DE061A2CD85900A1FFCF /* FUZAppDelegate.m in Sources */ = {isa = PBXBuildFile; fileRef = 6FA2DE041A2CD85900A1FFCF /* FUZAppDelegate.m */; };
		6FA2DE091A2CD9BC00A1FFCF /* FUZMapViewController.m in Sources */ = {isa = PBXBuildFile; fileRef = 6FA2DE081A2CD9BC00A1FFCF /* FUZMapViewController.m */; };
		9702AB86788EA324CB5850EF /* libPods.a in Frameworks */ = {isa = PBXBuildFile; fileRef = 501AE0FFAA8B7A49BA34EC57 /* libPods.a */; };
/* End PBXBuildFile section */

/* Begin PBXContainerItemProxy section */
		6FA2DDF31A2CD4E200A1FFCF /* PBXContainerItemProxy */ = {
			isa = PBXContainerItemProxy;
			containerPortal = 6FA2DDD11A2CD4E200A1FFCF /* Project object */;
			proxyType = 1;
			remoteGlobalIDString = 6FA2DDD81A2CD4E200A1FFCF;
			remoteInfo = Bookmarks;
		};
/* End PBXContainerItemProxy section */

/* Begin PBXFileReference section */
		501AE0FFAA8B7A49BA34EC57 /* libPods.a */ = {isa = PBXFileReference; explicitFileType = archive.ar; includeInIndex = 0; path = libPods.a; sourceTree = BUILT_PRODUCTS_DIR; };
		6F10810E1A2CDB6C00D9A781 /* MapKit.framework */ = {isa = PBXFileReference; lastKnownFileType = wrapper.framework; name = MapKit.framework; path = System/Library/Frameworks/MapKit.framework; sourceTree = SDKROOT; };
		6F1081111A2CE74000D9A781 /* Bookmarks.xcdatamodel */ = {isa = PBXFileReference; lastKnownFileType = wrapper.xcdatamodel; path = Bookmarks.xcdatamodel; sourceTree = "<group>"; };
		6F1081131A2CE96D00D9A781 /* CoreData.framework */ = {isa = PBXFileReference; lastKnownFileType = wrapper.framework; name = CoreData.framework; path = System/Library/Frameworks/CoreData.framework; sourceTree = SDKROOT; };
		6F1081161A2CED0E00D9A781 /* FUZBookmark.h */ = {isa = PBXFileReference; fileEncoding = 4; lastKnownFileType = sourcecode.c.h; path = FUZBookmark.h; sourceTree = "<group>"; };
		6F1081171A2CED0E00D9A781 /* FUZBookmark.m */ = {isa = PBXFileReference; fileEncoding = 4; lastKnownFileType = sourcecode.c.objc; path = FUZBookmark.m; sourceTree = "<group>"; };
		6F10811D1A2CF11300D9A781 /* CoreLocation.framework */ = {isa = PBXFileReference; lastKnownFileType = wrapper.framework; name = CoreLocation.framework; path = System/Library/Frameworks/CoreLocation.framework; sourceTree = SDKROOT; };
		6F4DBD811A2F822100D729D7 /* FUZBookmarksListViewController.h */ = {isa = PBXFileReference; fileEncoding = 4; lastKnownFileType = sourcecode.c.h; path = FUZBookmarksListViewController.h; sourceTree = "<group>"; };
		6F4DBD821A2F822100D729D7 /* FUZBookmarksListViewController.m */ = {isa = PBXFileReference; fileEncoding = 4; lastKnownFileType = sourcecode.c.objc; path = FUZBookmarksListViewController.m; sourceTree = "<group>"; };
		6F4DBD841A2F9F6000D729D7 /* FUZBookmarkDetailViewController.h */ = {isa = PBXFileReference; fileEncoding = 4; lastKnownFileType = sourcecode.c.h; path = FUZBookmarkDetailViewController.h; sourceTree = "<group>"; };
		6F4DBD851A2F9F6000D729D7 /* FUZBookmarkDetailViewController.m */ = {isa = PBXFileReference; fileEncoding = 4; lastKnownFileType = sourcecode.c.objc; path = FUZBookmarkDetailViewController.m; sourceTree = "<group>"; };
		6F5BD4CF1A2E3D79002B44E6 /* FUZBookmarksPopoverViewController.h */ = {isa = PBXFileReference; fileEncoding = 4; lastKnownFileType = sourcecode.c.h; path = FUZBookmarksPopoverViewController.h; sourceTree = "<group>"; };
		6F5BD4D01A2E3D79002B44E6 /* FUZBookmarksPopoverViewController.m */ = {isa = PBXFileReference; fileEncoding = 4; lastKnownFileType = sourcecode.c.objc; path = FUZBookmarksPopoverViewController.m; sourceTree = "<group>"; };
		6F5BD4D21A2E4864002B44E6 /* FUZTableViewDataSource.h */ = {isa = PBXFileReference; fileEncoding = 4; lastKnownFileType = sourcecode.c.h; path = FUZTableViewDataSource.h; sourceTree = "<group>"; };
		6F5BD4D31A2E4864002B44E6 /* FUZTableViewDataSource.m */ = {isa = PBXFileReference; fileEncoding = 4; lastKnownFileType = sourcecode.c.objc; path = FUZTableViewDataSource.m; sourceTree = "<group>"; };
		6F9903471A2E1DE000CB7F98 /* FUZCoreDataStack.h */ = {isa = PBXFileReference; fileEncoding = 4; lastKnownFileType = sourcecode.c.h; path = FUZCoreDataStack.h; sourceTree = "<group>"; };
		6F9903481A2E1DE000CB7F98 /* FUZCoreDataStack.m */ = {isa = PBXFileReference; fileEncoding = 4; lastKnownFileType = sourcecode.c.objc; path = FUZCoreDataStack.m; sourceTree = "<group>"; };
		6F9903521A2E2E8400CB7F98 /* FUZMapDataSource.h */ = {isa = PBXFileReference; fileEncoding = 4; lastKnownFileType = sourcecode.c.h; path = FUZMapDataSource.h; sourceTree = "<group>"; };
		6F9903531A2E2E8400CB7F98 /* FUZMapDataSource.m */ = {isa = PBXFileReference; fileEncoding = 4; lastKnownFileType = sourcecode.c.objc; path = FUZMapDataSource.m; sourceTree = "<group>"; };
		6F9903551A2E2EE600CB7F98 /* FUZDataSource.h */ = {isa = PBXFileReference; fileEncoding = 4; lastKnownFileType = sourcecode.c.h; path = FUZDataSource.h; sourceTree = "<group>"; };
		6F9903571A2E308900CB7F98 /* FUZFRCDataSource.h */ = {isa = PBXFileReference; fileEncoding = 4; lastKnownFileType = sourcecode.c.h; path = FUZFRCDataSource.h; sourceTree = "<group>"; };
		6F9903581A2E308900CB7F98 /* FUZFRCDataSource.m */ = {isa = PBXFileReference; fileEncoding = 4; lastKnownFileType = sourcecode.c.objc; path = FUZFRCDataSource.m; sourceTree = "<group>"; };
		6FA2DDD91A2CD4E200A1FFCF /* Bookmarks.app */ = {isa = PBXFileReference; explicitFileType = wrapper.application; includeInIndex = 0; path = Bookmarks.app; sourceTree = BUILT_PRODUCTS_DIR; };
		6FA2DDDD1A2CD4E200A1FFCF /* Info.plist */ = {isa = PBXFileReference; lastKnownFileType = text.plist.xml; path = Info.plist; sourceTree = "<group>"; };
		6FA2DDDE1A2CD4E200A1FFCF /* main.m */ = {isa = PBXFileReference; lastKnownFileType = sourcecode.c.objc; path = main.m; sourceTree = "<group>"; };
		6FA2DDE71A2CD4E200A1FFCF /* Base */ = {isa = PBXFileReference; lastKnownFileType = file.storyboard; name = Base; path = Base.lproj/Main.storyboard; sourceTree = "<group>"; };
		6FA2DDE91A2CD4E200A1FFCF /* Images.xcassets */ = {isa = PBXFileReference; lastKnownFileType = folder.assetcatalog; path = Images.xcassets; sourceTree = "<group>"; };
		6FA2DDEC1A2CD4E200A1FFCF /* Base */ = {isa = PBXFileReference; lastKnownFileType = file.xib; name = Base; path = Base.lproj/LaunchScreen.xib; sourceTree = "<group>"; };
		6FA2DDF21A2CD4E200A1FFCF /* BookmarksTests.xctest */ = {isa = PBXFileReference; explicitFileType = wrapper.cfbundle; includeInIndex = 0; path = BookmarksTests.xctest; sourceTree = BUILT_PRODUCTS_DIR; };
		6FA2DDF71A2CD4E200A1FFCF /* Info.plist */ = {isa = PBXFileReference; lastKnownFileType = text.plist.xml; path = Info.plist; sourceTree = "<group>"; };
		6FA2DDF81A2CD4E200A1FFCF /* BookmarksTests.m */ = {isa = PBXFileReference; lastKnownFileType = sourcecode.c.objc; path = BookmarksTests.m; sourceTree = "<group>"; };
		6FA2DE031A2CD85900A1FFCF /* FUZAppDelegate.h */ = {isa = PBXFileReference; fileEncoding = 4; lastKnownFileType = sourcecode.c.h; path = FUZAppDelegate.h; sourceTree = "<group>"; };
		6FA2DE041A2CD85900A1FFCF /* FUZAppDelegate.m */ = {isa = PBXFileReference; fileEncoding = 4; lastKnownFileType = sourcecode.c.objc; path = FUZAppDelegate.m; sourceTree = "<group>"; };
		6FA2DE071A2CD9BC00A1FFCF /* FUZMapViewController.h */ = {isa = PBXFileReference; fileEncoding = 4; lastKnownFileType = sourcecode.c.h; path = FUZMapViewController.h; sourceTree = "<group>"; };
		6FA2DE081A2CD9BC00A1FFCF /* FUZMapViewController.m */ = {isa = PBXFileReference; fileEncoding = 4; lastKnownFileType = sourcecode.c.objc; path = FUZMapViewController.m; sourceTree = "<group>"; };
		AFD72FB1AC1FBAAD4A2FF567 /* Pods.release.xcconfig */ = {isa = PBXFileReference; includeInIndex = 1; lastKnownFileType = text.xcconfig; name = Pods.release.xcconfig; path = "Pods/Target Support Files/Pods/Pods.release.xcconfig"; sourceTree = "<group>"; };
		D21BC2D8095F7A1EEDD845C8 /* Pods.debug.xcconfig */ = {isa = PBXFileReference; includeInIndex = 1; lastKnownFileType = text.xcconfig; name = Pods.debug.xcconfig; path = "Pods/Target Support Files/Pods/Pods.debug.xcconfig"; sourceTree = "<group>"; };
/* End PBXFileReference section */

/* Begin PBXFrameworksBuildPhase section */
		6FA2DDD61A2CD4E200A1FFCF /* Frameworks */ = {
			isa = PBXFrameworksBuildPhase;
			buildActionMask = 2147483647;
			files = (
				6F10811E1A2CF11300D9A781 /* CoreLocation.framework in Frameworks */,
				6F1081141A2CE96D00D9A781 /* CoreData.framework in Frameworks */,
				6F10810F1A2CDB6C00D9A781 /* MapKit.framework in Frameworks */,
				9702AB86788EA324CB5850EF /* libPods.a in Frameworks */,
			);
			runOnlyForDeploymentPostprocessing = 0;
		};
		6FA2DDEF1A2CD4E200A1FFCF /* Frameworks */ = {
			isa = PBXFrameworksBuildPhase;
			buildActionMask = 2147483647;
			files = (
			);
			runOnlyForDeploymentPostprocessing = 0;
		};
/* End PBXFrameworksBuildPhase section */

/* Begin PBXGroup section */
		6F1081151A2CECED00D9A781 /* Model */ = {
			isa = PBXGroup;
			children = (
				6F9903511A2E2E6500CB7F98 /* DataSources */,
				6F1081161A2CED0E00D9A781 /* FUZBookmark.h */,
				6F1081171A2CED0E00D9A781 /* FUZBookmark.m */,
				6F9903471A2E1DE000CB7F98 /* FUZCoreDataStack.h */,
				6F9903481A2E1DE000CB7F98 /* FUZCoreDataStack.m */,
			);
			path = Model;
			sourceTree = "<group>";
		};
		6F1081191A2CEDAD00D9A781 /* Services */ = {
			isa = PBXGroup;
			children = (
			);
			path = Services;
			sourceTree = "<group>";
		};
		6F9903501A2E2C2B00CB7F98 /* Protocols */ = {
			isa = PBXGroup;
			children = (
				6F9903551A2E2EE600CB7F98 /* FUZDataSource.h */,
			);
			path = Protocols;
			sourceTree = "<group>";
		};
		6F9903511A2E2E6500CB7F98 /* DataSources */ = {
			isa = PBXGroup;
			children = (
				6F9903521A2E2E8400CB7F98 /* FUZMapDataSource.h */,
				6F9903531A2E2E8400CB7F98 /* FUZMapDataSource.m */,
				6F9903571A2E308900CB7F98 /* FUZFRCDataSource.h */,
				6F9903581A2E308900CB7F98 /* FUZFRCDataSource.m */,
				6F5BD4D21A2E4864002B44E6 /* FUZTableViewDataSource.h */,
				6F5BD4D31A2E4864002B44E6 /* FUZTableViewDataSource.m */,
			);
			path = DataSources;
			sourceTree = "<group>";
		};
		6FA2DDD01A2CD4E200A1FFCF = {
			isa = PBXGroup;
			children = (
				6FA2DDDB1A2CD4E200A1FFCF /* Bookmarks */,
				6FA2DDF51A2CD4E200A1FFCF /* BookmarksTests */,
				6FA2DDDA1A2CD4E200A1FFCF /* Products */,
				8AF9EC09ED9CB2BC89BE8748 /* Pods */,
				781A6B7182ABB53040147890 /* Frameworks */,
			);
			sourceTree = "<group>";
		};
		6FA2DDDA1A2CD4E200A1FFCF /* Products */ = {
			isa = PBXGroup;
			children = (
				6FA2DDD91A2CD4E200A1FFCF /* Bookmarks.app */,
				6FA2DDF21A2CD4E200A1FFCF /* BookmarksTests.xctest */,
			);
			name = Products;
			sourceTree = "<group>";
		};
		6FA2DDDB1A2CD4E200A1FFCF /* Bookmarks */ = {
			isa = PBXGroup;
			children = (
				6FA2DE021A2CD70300A1FFCF /* Classes */,
				6FA2DDE61A2CD4E200A1FFCF /* Main.storyboard */,
				6FA2DDE91A2CD4E200A1FFCF /* Images.xcassets */,
				6FA2DDEB1A2CD4E200A1FFCF /* LaunchScreen.xib */,
				6FA2DDDC1A2CD4E200A1FFCF /* Supporting Files */,
				6F1081101A2CE74000D9A781 /* Bookmarks.xcdatamodeld */,
			);
			path = Bookmarks;
			sourceTree = "<group>";
		};
		6FA2DDDC1A2CD4E200A1FFCF /* Supporting Files */ = {
			isa = PBXGroup;
			children = (
				6FA2DDDD1A2CD4E200A1FFCF /* Info.plist */,
				6FA2DDDE1A2CD4E200A1FFCF /* main.m */,
			);
			name = "Supporting Files";
			sourceTree = "<group>";
		};
		6FA2DDF51A2CD4E200A1FFCF /* BookmarksTests */ = {
			isa = PBXGroup;
			children = (
				6FA2DDF81A2CD4E200A1FFCF /* BookmarksTests.m */,
				6FA2DDF61A2CD4E200A1FFCF /* Supporting Files */,
			);
			path = BookmarksTests;
			sourceTree = "<group>";
		};
		6FA2DDF61A2CD4E200A1FFCF /* Supporting Files */ = {
			isa = PBXGroup;
			children = (
				6FA2DDF71A2CD4E200A1FFCF /* Info.plist */,
			);
			name = "Supporting Files";
			sourceTree = "<group>";
		};
		6FA2DE021A2CD70300A1FFCF /* Classes */ = {
			isa = PBXGroup;
			children = (
				6F9903501A2E2C2B00CB7F98 /* Protocols */,
				6F1081191A2CEDAD00D9A781 /* Services */,
				6F1081151A2CECED00D9A781 /* Model */,
				6FA2DE031A2CD85900A1FFCF /* FUZAppDelegate.h */,
				6FA2DE041A2CD85900A1FFCF /* FUZAppDelegate.m */,
				6FA2DE051A2CD85900A1FFCF /* ViewControllers */,
			);
			path = Classes;
			sourceTree = "<group>";
		};
		6FA2DE051A2CD85900A1FFCF /* ViewControllers */ = {
			isa = PBXGroup;
			children = (
				6FA2DE071A2CD9BC00A1FFCF /* FUZMapViewController.h */,
				6FA2DE081A2CD9BC00A1FFCF /* FUZMapViewController.m */,
				6F5BD4CF1A2E3D79002B44E6 /* FUZBookmarksPopoverViewController.h */,
				6F5BD4D01A2E3D79002B44E6 /* FUZBookmarksPopoverViewController.m */,
				6F4DBD811A2F822100D729D7 /* FUZBookmarksListViewController.h */,
				6F4DBD821A2F822100D729D7 /* FUZBookmarksListViewController.m */,
				6F4DBD841A2F9F6000D729D7 /* FUZBookmarkDetailViewController.h */,
				6F4DBD851A2F9F6000D729D7 /* FUZBookmarkDetailViewController.m */,
			);
			path = ViewControllers;
			sourceTree = "<group>";
		};
		781A6B7182ABB53040147890 /* Frameworks */ = {
			isa = PBXGroup;
			children = (
				6F10811D1A2CF11300D9A781 /* CoreLocation.framework */,
				6F1081131A2CE96D00D9A781 /* CoreData.framework */,
				6F10810E1A2CDB6C00D9A781 /* MapKit.framework */,
				501AE0FFAA8B7A49BA34EC57 /* libPods.a */,
			);
			name = Frameworks;
			sourceTree = "<group>";
		};
		8AF9EC09ED9CB2BC89BE8748 /* Pods */ = {
			isa = PBXGroup;
			children = (
				D21BC2D8095F7A1EEDD845C8 /* Pods.debug.xcconfig */,
				AFD72FB1AC1FBAAD4A2FF567 /* Pods.release.xcconfig */,
			);
			name = Pods;
			sourceTree = "<group>";
		};
/* End PBXGroup section */

/* Begin PBXNativeTarget section */
		6FA2DDD81A2CD4E200A1FFCF /* Bookmarks */ = {
			isa = PBXNativeTarget;
			buildConfigurationList = 6FA2DDFC1A2CD4E200A1FFCF /* Build configuration list for PBXNativeTarget "Bookmarks" */;
			buildPhases = (
				35052AC1A0560145A2207BD2 /* Check Pods Manifest.lock */,
				6FA2DDD51A2CD4E200A1FFCF /* Sources */,
				6FA2DDD61A2CD4E200A1FFCF /* Frameworks */,
				6FA2DDD71A2CD4E200A1FFCF /* Resources */,
				30CE87FC2BD446A980563A57 /* Copy Pods Resources */,
			);
			buildRules = (
			);
			dependencies = (
			);
			name = Bookmarks;
			productName = Bookmarks;
			productReference = 6FA2DDD91A2CD4E200A1FFCF /* Bookmarks.app */;
			productType = "com.apple.product-type.application";
		};
		6FA2DDF11A2CD4E200A1FFCF /* BookmarksTests */ = {
			isa = PBXNativeTarget;
			buildConfigurationList = 6FA2DDFF1A2CD4E200A1FFCF /* Build configuration list for PBXNativeTarget "BookmarksTests" */;
			buildPhases = (
				6FA2DDEE1A2CD4E200A1FFCF /* Sources */,
				6FA2DDEF1A2CD4E200A1FFCF /* Frameworks */,
				6FA2DDF01A2CD4E200A1FFCF /* Resources */,
			);
			buildRules = (
			);
			dependencies = (
				6FA2DDF41A2CD4E200A1FFCF /* PBXTargetDependency */,
			);
			name = BookmarksTests;
			productName = BookmarksTests;
			productReference = 6FA2DDF21A2CD4E200A1FFCF /* BookmarksTests.xctest */;
			productType = "com.apple.product-type.bundle.unit-test";
		};
/* End PBXNativeTarget section */

/* Begin PBXProject section */
		6FA2DDD11A2CD4E200A1FFCF /* Project object */ = {
			isa = PBXProject;
			attributes = {
				CLASSPREFIX = FUZ;
				LastUpgradeCheck = 0610;
				ORGANIZATIONNAME = fuzza;
				TargetAttributes = {
					6FA2DDD81A2CD4E200A1FFCF = {
						CreatedOnToolsVersion = 6.1;
					};
					6FA2DDF11A2CD4E200A1FFCF = {
						CreatedOnToolsVersion = 6.1;
						TestTargetID = 6FA2DDD81A2CD4E200A1FFCF;
					};
				};
			};
			buildConfigurationList = 6FA2DDD41A2CD4E200A1FFCF /* Build configuration list for PBXProject "Bookmarks" */;
			compatibilityVersion = "Xcode 3.2";
			developmentRegion = English;
			hasScannedForEncodings = 0;
			knownRegions = (
				en,
				Base,
			);
			mainGroup = 6FA2DDD01A2CD4E200A1FFCF;
			productRefGroup = 6FA2DDDA1A2CD4E200A1FFCF /* Products */;
			projectDirPath = "";
			projectRoot = "";
			targets = (
				6FA2DDD81A2CD4E200A1FFCF /* Bookmarks */,
				6FA2DDF11A2CD4E200A1FFCF /* BookmarksTests */,
			);
		};
/* End PBXProject section */

/* Begin PBXResourcesBuildPhase section */
		6FA2DDD71A2CD4E200A1FFCF /* Resources */ = {
			isa = PBXResourcesBuildPhase;
			buildActionMask = 2147483647;
			files = (
				6FA2DDE81A2CD4E200A1FFCF /* Main.storyboard in Resources */,
				6FA2DDED1A2CD4E200A1FFCF /* LaunchScreen.xib in Resources */,
				6FA2DDEA1A2CD4E200A1FFCF /* Images.xcassets in Resources */,
			);
			runOnlyForDeploymentPostprocessing = 0;
		};
		6FA2DDF01A2CD4E200A1FFCF /* Resources */ = {
			isa = PBXResourcesBuildPhase;
			buildActionMask = 2147483647;
			files = (
			);
			runOnlyForDeploymentPostprocessing = 0;
		};
/* End PBXResourcesBuildPhase section */

/* Begin PBXShellScriptBuildPhase section */
		30CE87FC2BD446A980563A57 /* Copy Pods Resources */ = {
			isa = PBXShellScriptBuildPhase;
			buildActionMask = 2147483647;
			files = (
			);
			inputPaths = (
			);
			name = "Copy Pods Resources";
			outputPaths = (
			);
			runOnlyForDeploymentPostprocessing = 0;
			shellPath = /bin/sh;
			shellScript = "\"${SRCROOT}/Pods/Target Support Files/Pods/Pods-resources.sh\"\n";
			showEnvVarsInLog = 0;
		};
		35052AC1A0560145A2207BD2 /* Check Pods Manifest.lock */ = {
			isa = PBXShellScriptBuildPhase;
			buildActionMask = 2147483647;
			files = (
			);
			inputPaths = (
			);
			name = "Check Pods Manifest.lock";
			outputPaths = (
			);
			runOnlyForDeploymentPostprocessing = 0;
			shellPath = /bin/sh;
			shellScript = "diff \"${PODS_ROOT}/../Podfile.lock\" \"${PODS_ROOT}/Manifest.lock\" > /dev/null\nif [[ $? != 0 ]] ; then\n    cat << EOM\nerror: The sandbox is not in sync with the Podfile.lock. Run 'pod install' or update your CocoaPods installation.\nEOM\n    exit 1\nfi\n";
			showEnvVarsInLog = 0;
		};
/* End PBXShellScriptBuildPhase section */

/* Begin PBXSourcesBuildPhase section */
		6FA2DDD51A2CD4E200A1FFCF /* Sources */ = {
			isa = PBXSourcesBuildPhase;
			buildActionMask = 2147483647;
			files = (
				6F4DBD831A2F822100D729D7 /* FUZBookmarksListViewController.m in Sources */,
				6F1081181A2CED0E00D9A781 /* FUZBookmark.m in Sources */,
				6FA2DE091A2CD9BC00A1FFCF /* FUZMapViewController.m in Sources */,
				6FA2DE061A2CD85900A1FFCF /* FUZAppDelegate.m in Sources */,
				6F9903541A2E2E8400CB7F98 /* FUZMapDataSource.m in Sources */,
				6FA2DDDF1A2CD4E200A1FFCF /* main.m in Sources */,
				6F9903491A2E1DE000CB7F98 /* FUZCoreDataStack.m in Sources */,
				6F5BD4D11A2E3D79002B44E6 /* FUZBookmarksPopoverViewController.m in Sources */,
				6F9903591A2E308900CB7F98 /* FUZFRCDataSource.m in Sources */,
				6F5BD4D41A2E4864002B44E6 /* FUZTableViewDataSource.m in Sources */,
				6F1081121A2CE74000D9A781 /* Bookmarks.xcdatamodeld in Sources */,
				6F4DBD861A2F9F6000D729D7 /* FUZBookmarkDetailViewController.m in Sources */,
			);
			runOnlyForDeploymentPostprocessing = 0;
		};
		6FA2DDEE1A2CD4E200A1FFCF /* Sources */ = {
			isa = PBXSourcesBuildPhase;
			buildActionMask = 2147483647;
			files = (
				6FA2DDF91A2CD4E200A1FFCF /* BookmarksTests.m in Sources */,
			);
			runOnlyForDeploymentPostprocessing = 0;
		};
/* End PBXSourcesBuildPhase section */

/* Begin PBXTargetDependency section */
		6FA2DDF41A2CD4E200A1FFCF /* PBXTargetDependency */ = {
			isa = PBXTargetDependency;
			target = 6FA2DDD81A2CD4E200A1FFCF /* Bookmarks */;
			targetProxy = 6FA2DDF31A2CD4E200A1FFCF /* PBXContainerItemProxy */;
		};
/* End PBXTargetDependency section */

/* Begin PBXVariantGroup section */
		6FA2DDE61A2CD4E200A1FFCF /* Main.storyboard */ = {
			isa = PBXVariantGroup;
			children = (
				6FA2DDE71A2CD4E200A1FFCF /* Base */,
			);
			name = Main.storyboard;
			sourceTree = "<group>";
		};
		6FA2DDEB1A2CD4E200A1FFCF /* LaunchScreen.xib */ = {
			isa = PBXVariantGroup;
			children = (
				6FA2DDEC1A2CD4E200A1FFCF /* Base */,
			);
			name = LaunchScreen.xib;
			sourceTree = "<group>";
		};
/* End PBXVariantGroup section */

/* Begin XCBuildConfiguration section */
		6FA2DDFA1A2CD4E200A1FFCF /* Debug */ = {
			isa = XCBuildConfiguration;
			buildSettings = {
				ALWAYS_SEARCH_USER_PATHS = NO;
				CLANG_CXX_LANGUAGE_STANDARD = "gnu++0x";
				CLANG_CXX_LIBRARY = "libc++";
				CLANG_ENABLE_MODULES = YES;
				CLANG_ENABLE_OBJC_ARC = YES;
				CLANG_WARN_BOOL_CONVERSION = YES;
				CLANG_WARN_CONSTANT_CONVERSION = YES;
				CLANG_WARN_DIRECT_OBJC_ISA_USAGE = YES_ERROR;
				CLANG_WARN_EMPTY_BODY = YES;
				CLANG_WARN_ENUM_CONVERSION = YES;
				CLANG_WARN_INT_CONVERSION = YES;
				CLANG_WARN_OBJC_ROOT_CLASS = YES_ERROR;
				CLANG_WARN_UNREACHABLE_CODE = YES;
				CLANG_WARN__DUPLICATE_METHOD_MATCH = YES;
				"CODE_SIGN_IDENTITY[sdk=iphoneos*]" = "iPhone Developer";
				COPY_PHASE_STRIP = NO;
				ENABLE_STRICT_OBJC_MSGSEND = YES;
				GCC_C_LANGUAGE_STANDARD = gnu99;
				GCC_DYNAMIC_NO_PIC = NO;
				GCC_OPTIMIZATION_LEVEL = 0;
				GCC_PREPROCESSOR_DEFINITIONS = (
					"DEBUG=1",
					"$(inherited)",
				);
				GCC_SYMBOLS_PRIVATE_EXTERN = NO;
				GCC_WARN_64_TO_32_BIT_CONVERSION = YES;
				GCC_WARN_ABOUT_RETURN_TYPE = YES_ERROR;
				GCC_WARN_UNDECLARED_SELECTOR = YES;
				GCC_WARN_UNINITIALIZED_AUTOS = YES_AGGRESSIVE;
				GCC_WARN_UNUSED_FUNCTION = YES;
				GCC_WARN_UNUSED_VARIABLE = YES;
				IPHONEOS_DEPLOYMENT_TARGET = 8.1;
				MTL_ENABLE_DEBUG_INFO = YES;
				ONLY_ACTIVE_ARCH = YES;
				OTHER_LDFLAGS = " -ObjC";
				SDKROOT = iphoneos;
			};
			name = Debug;
		};
		6FA2DDFB1A2CD4E200A1FFCF /* Release */ = {
			isa = XCBuildConfiguration;
			buildSettings = {
				ALWAYS_SEARCH_USER_PATHS = NO;
				CLANG_CXX_LANGUAGE_STANDARD = "gnu++0x";
				CLANG_CXX_LIBRARY = "libc++";
				CLANG_ENABLE_MODULES = YES;
				CLANG_ENABLE_OBJC_ARC = YES;
				CLANG_WARN_BOOL_CONVERSION = YES;
				CLANG_WARN_CONSTANT_CONVERSION = YES;
				CLANG_WARN_DIRECT_OBJC_ISA_USAGE = YES_ERROR;
				CLANG_WARN_EMPTY_BODY = YES;
				CLANG_WARN_ENUM_CONVERSION = YES;
				CLANG_WARN_INT_CONVERSION = YES;
				CLANG_WARN_OBJC_ROOT_CLASS = YES_ERROR;
				CLANG_WARN_UNREACHABLE_CODE = YES;
				CLANG_WARN__DUPLICATE_METHOD_MATCH = YES;
				"CODE_SIGN_IDENTITY[sdk=iphoneos*]" = "iPhone Developer";
				COPY_PHASE_STRIP = YES;
				ENABLE_NS_ASSERTIONS = NO;
				ENABLE_STRICT_OBJC_MSGSEND = YES;
				GCC_C_LANGUAGE_STANDARD = gnu99;
				GCC_WARN_64_TO_32_BIT_CONVERSION = YES;
				GCC_WARN_ABOUT_RETURN_TYPE = YES_ERROR;
				GCC_WARN_UNDECLARED_SELECTOR = YES;
				GCC_WARN_UNINITIALIZED_AUTOS = YES_AGGRESSIVE;
				GCC_WARN_UNUSED_FUNCTION = YES;
				GCC_WARN_UNUSED_VARIABLE = YES;
				IPHONEOS_DEPLOYMENT_TARGET = 8.1;
				MTL_ENABLE_DEBUG_INFO = NO;
				OTHER_LDFLAGS = " -ObjC";
				SDKROOT = iphoneos;
				VALIDATE_PRODUCT = YES;
			};
			name = Release;
		};
		6FA2DDFD1A2CD4E200A1FFCF /* Debug */ = {
			isa = XCBuildConfiguration;
			baseConfigurationReference = D21BC2D8095F7A1EEDD845C8 /* Pods.debug.xcconfig */;
			buildSettings = {
				ASSETCATALOG_COMPILER_APPICON_NAME = AppIcon;
				INFOPLIST_FILE = Bookmarks/Info.plist;
				LD_RUNPATH_SEARCH_PATHS = "$(inherited) @executable_path/Frameworks";
				PRODUCT_NAME = "$(TARGET_NAME)";
			};
			name = Debug;
		};
		6FA2DDFE1A2CD4E200A1FFCF /* Release */ = {
			isa = XCBuildConfiguration;
			baseConfigurationReference = AFD72FB1AC1FBAAD4A2FF567 /* Pods.release.xcconfig */;
			buildSettings = {
				ASSETCATALOG_COMPILER_APPICON_NAME = AppIcon;
				INFOPLIST_FILE = Bookmarks/Info.plist;
				LD_RUNPATH_SEARCH_PATHS = "$(inherited) @executable_path/Frameworks";
				PRODUCT_NAME = "$(TARGET_NAME)";
			};
			name = Release;
		};
		6FA2DE001A2CD4E200A1FFCF /* Debug */ = {
			isa = XCBuildConfiguration;
			buildSettings = {
				BUNDLE_LOADER = "$(TEST_HOST)";
				FRAMEWORK_SEARCH_PATHS = (
					"$(SDKROOT)/Developer/Library/Frameworks",
					"$(inherited)",
				);
				GCC_PREPROCESSOR_DEFINITIONS = (
					"DEBUG=1",
					"$(inherited)",
				);
				INFOPLIST_FILE = BookmarksTests/Info.plist;
				LD_RUNPATH_SEARCH_PATHS = "$(inherited) @executable_path/Frameworks @loader_path/Frameworks";
				PRODUCT_NAME = "$(TARGET_NAME)";
				TEST_HOST = "$(BUILT_PRODUCTS_DIR)/Bookmarks.app/Bookmarks";
			};
			name = Debug;
		};
		6FA2DE011A2CD4E200A1FFCF /* Release */ = {
			isa = XCBuildConfiguration;
			buildSettings = {
				BUNDLE_LOADER = "$(TEST_HOST)";
				FRAMEWORK_SEARCH_PATHS = (
					"$(SDKROOT)/Developer/Library/Frameworks",
					"$(inherited)",
				);
				INFOPLIST_FILE = BookmarksTests/Info.plist;
				LD_RUNPATH_SEARCH_PATHS = "$(inherited) @executable_path/Frameworks @loader_path/Frameworks";
				PRODUCT_NAME = "$(TARGET_NAME)";
				TEST_HOST = "$(BUILT_PRODUCTS_DIR)/Bookmarks.app/Bookmarks";
			};
			name = Release;
		};
/* End XCBuildConfiguration section */

/* Begin XCConfigurationList section */
		6FA2DDD41A2CD4E200A1FFCF /* Build configuration list for PBXProject "Bookmarks" */ = {
			isa = XCConfigurationList;
			buildConfigurations = (
				6FA2DDFA1A2CD4E200A1FFCF /* Debug */,
				6FA2DDFB1A2CD4E200A1FFCF /* Release */,
			);
			defaultConfigurationIsVisible = 0;
			defaultConfigurationName = Release;
		};
		6FA2DDFC1A2CD4E200A1FFCF /* Build configuration list for PBXNativeTarget "Bookmarks" */ = {
			isa = XCConfigurationList;
			buildConfigurations = (
				6FA2DDFD1A2CD4E200A1FFCF /* Debug */,
				6FA2DDFE1A2CD4E200A1FFCF /* Release */,
			);
			defaultConfigurationIsVisible = 0;
			defaultConfigurationName = Release;
		};
		6FA2DDFF1A2CD4E200A1FFCF /* Build configuration list for PBXNativeTarget "BookmarksTests" */ = {
			isa = XCConfigurationList;
			buildConfigurations = (
				6FA2DE001A2CD4E200A1FFCF /* Debug */,
				6FA2DE011A2CD4E200A1FFCF /* Release */,
			);
			defaultConfigurationIsVisible = 0;
			defaultConfigurationName = Release;
		};
/* End XCConfigurationList section */

/* Begin XCVersionGroup section */
		6F1081101A2CE74000D9A781 /* Bookmarks.xcdatamodeld */ = {
			isa = XCVersionGroup;
			children = (
				6F1081111A2CE74000D9A781 /* Bookmarks.xcdatamodel */,
			);
			currentVersion = 6F1081111A2CE74000D9A781 /* Bookmarks.xcdatamodel */;
			path = Bookmarks.xcdatamodeld;
			sourceTree = "<group>";
			versionGroupType = wrapper.xcdatamodel;
		};
/* End XCVersionGroup section */
	};
	rootObject = 6FA2DDD11A2CD4E200A1FFCF /* Project object */;
}
